// !$*UTF8*$!
{
	archiveVersion = 1;
	classes = {
	};
	objectVersion = 51;
	objects = {

/* Begin PBXBuildFile section */
		0E53394F2C2F4696AD425C95 /* Pods_NewsAppTests.framework in Frameworks */ = {isa = PBXBuildFile; fileRef = 6E50B4D0EAD34411A985BE39 /* Pods_NewsAppTests.framework */; };
		4D2F50B20265B4C1A1915E1B /* Pods_NewsApp.framework in Frameworks */ = {isa = PBXBuildFile; fileRef = B5CD185AE3FE8DA7257B8450 /* Pods_NewsApp.framework */; };
		715C538E1C23DB9501E40D73 /* Pods_NewsApp_NewsAppUITests.framework in Frameworks */ = {isa = PBXBuildFile; fileRef = A569CE1A962A48311F39C990 /* Pods_NewsApp_NewsAppUITests.framework */; };
		F07F128B2675109800ADCDD6 /* Date+Extensions.swift in Sources */ = {isa = PBXBuildFile; fileRef = F07F128A2675109800ADCDD6 /* Date+Extensions.swift */; };
		F07F129C267525B400ADCDD6 /* NewsTableViewCell.swift in Sources */ = {isa = PBXBuildFile; fileRef = F07F129A267525B400ADCDD6 /* NewsTableViewCell.swift */; };
		F07F129D267525B400ADCDD6 /* NewsTableViewCell.xib in Resources */ = {isa = PBXBuildFile; fileRef = F07F129B267525B400ADCDD6 /* NewsTableViewCell.xib */; };
		F07F12A5267525E300ADCDD6 /* UITableView+Extensions.swift in Sources */ = {isa = PBXBuildFile; fileRef = F07F12A4267525E300ADCDD6 /* UITableView+Extensions.swift */; };
		F07F12AD26752B8D00ADCDD6 /* NSObject+Extensions.swift in Sources */ = {isa = PBXBuildFile; fileRef = F07F12AC26752B8D00ADCDD6 /* NSObject+Extensions.swift */; };
		F0E526BB2671088F004C215C /* NewsRepository.swift in Sources */ = {isa = PBXBuildFile; fileRef = F0E526BA2671088F004C215C /* NewsRepository.swift */; };
		F0E526CD26710A84004C215C /* NewsRemoteDataSource.swift in Sources */ = {isa = PBXBuildFile; fileRef = F0E526CC26710A84004C215C /* NewsRemoteDataSource.swift */; };
		F0E526D626710BA8004C215C /* NewsListResponse.swift in Sources */ = {isa = PBXBuildFile; fileRef = F0E526D526710BA8004C215C /* NewsListResponse.swift */; };
		F0E526DE26710C84004C215C /* ArticleResponse.swift in Sources */ = {isa = PBXBuildFile; fileRef = F0E526DD26710C84004C215C /* ArticleResponse.swift */; };
		F0E526E626710DB4004C215C /* SourceResponse.swift in Sources */ = {isa = PBXBuildFile; fileRef = F0E526E526710DB4004C215C /* SourceResponse.swift */; };
		F0E526EC26710E1D004C215C /* NewsList.swift in Sources */ = {isa = PBXBuildFile; fileRef = F0E526EB26710E1D004C215C /* NewsList.swift */; };
		F0E526F426710E5F004C215C /* Article.swift in Sources */ = {isa = PBXBuildFile; fileRef = F0E526F326710E5F004C215C /* Article.swift */; };
		F0E526F926710E74004C215C /* Source.swift in Sources */ = {isa = PBXBuildFile; fileRef = F0E526F826710E74004C215C /* Source.swift */; };
		F0E526FF26710EF6004C215C /* NewsAPI.swift in Sources */ = {isa = PBXBuildFile; fileRef = F0E526FE26710EF6004C215C /* NewsAPI.swift */; };
		F0E5270B26710FD4004C215C /* NewsListRequest.swift in Sources */ = {isa = PBXBuildFile; fileRef = F0E5270A26710FD4004C215C /* NewsListRequest.swift */; };
		F0E5271426711060004C215C /* Config.plist in Resources */ = {isa = PBXBuildFile; fileRef = F0E5271326711060004C215C /* Config.plist */; };
		F0E52719267110E3004C215C /* Config.swift in Sources */ = {isa = PBXBuildFile; fileRef = F0E52718267110E3004C215C /* Config.swift */; };
		F0E5271F2671121C004C215C /* RequestConfigable.swift in Sources */ = {isa = PBXBuildFile; fileRef = F0E5271E2671121C004C215C /* RequestConfigable.swift */; };
		F0E5286426712336004C215C /* FetchNewsListUseCase.swift in Sources */ = {isa = PBXBuildFile; fileRef = F0E5286326712336004C215C /* FetchNewsListUseCase.swift */; };
		F0F9FDBB267201DD00783A82 /* NewsListViewController.swift in Sources */ = {isa = PBXBuildFile; fileRef = F0F9FDB9267201DD00783A82 /* NewsListViewController.swift */; };
		F0F9FDBC267201DD00783A82 /* NewsListViewController.xib in Resources */ = {isa = PBXBuildFile; fileRef = F0F9FDBA267201DD00783A82 /* NewsListViewController.xib */; };
		F0F9FDC2267201F500783A82 /* NewsListInteractor.swift in Sources */ = {isa = PBXBuildFile; fileRef = F0F9FDC1267201F500783A82 /* NewsListInteractor.swift */; };
		F0F9FDCA2672020100783A82 /* NewsListPresenter.swift in Sources */ = {isa = PBXBuildFile; fileRef = F0F9FDC92672020100783A82 /* NewsListPresenter.swift */; };
		F0F9FDCF2672020E00783A82 /* NewsListRouter.swift in Sources */ = {isa = PBXBuildFile; fileRef = F0F9FDCE2672020E00783A82 /* NewsListRouter.swift */; };
		F0F9FDD4267202A800783A82 /* NewsListDependencyContainer.swift in Sources */ = {isa = PBXBuildFile; fileRef = F0F9FDD3267202A800783A82 /* NewsListDependencyContainer.swift */; };
		F0FC2ADF2678BBC000747721 /* ArticleViewModel.swift in Sources */ = {isa = PBXBuildFile; fileRef = F0FC2ADE2678BBC000747721 /* ArticleViewModel.swift */; };
		F0FC2AE72678BDDC00747721 /* String+Extension.swift in Sources */ = {isa = PBXBuildFile; fileRef = F0FC2AE62678BDDC00747721 /* String+Extension.swift */; };
		F0FC2AEC2678D0D500747721 /* UIColor+Extensions.swift in Sources */ = {isa = PBXBuildFile; fileRef = F0FC2AEB2678D0D500747721 /* UIColor+Extensions.swift */; };
		F0FC8C24266FCEDA00D3C8F7 /* AppDelegate.swift in Sources */ = {isa = PBXBuildFile; fileRef = F0FC8C23266FCEDA00D3C8F7 /* AppDelegate.swift */; };
		F0FC8C26266FCEDA00D3C8F7 /* SceneDelegate.swift in Sources */ = {isa = PBXBuildFile; fileRef = F0FC8C25266FCEDA00D3C8F7 /* SceneDelegate.swift */; };
		F0FC8C2D266FCEDC00D3C8F7 /* Assets.xcassets in Resources */ = {isa = PBXBuildFile; fileRef = F0FC8C2C266FCEDC00D3C8F7 /* Assets.xcassets */; };
		F0FC8C30266FCEDC00D3C8F7 /* LaunchScreen.storyboard in Resources */ = {isa = PBXBuildFile; fileRef = F0FC8C2E266FCEDC00D3C8F7 /* LaunchScreen.storyboard */; };
		F0FC8C3B266FCEDC00D3C8F7 /* NewsAppTests.swift in Sources */ = {isa = PBXBuildFile; fileRef = F0FC8C3A266FCEDC00D3C8F7 /* NewsAppTests.swift */; };
		F0FC8C46266FCEDD00D3C8F7 /* NewsAppUITests.swift in Sources */ = {isa = PBXBuildFile; fileRef = F0FC8C45266FCEDD00D3C8F7 /* NewsAppUITests.swift */; };
		F0FC8C58266FD2EA00D3C8F7 /* JSONUtils.swift in Sources */ = {isa = PBXBuildFile; fileRef = F0FC8C57266FD2EA00D3C8F7 /* JSONUtils.swift */; };
		F0FC8C63266FD3AE00D3C8F7 /* Delegate.swift in Sources */ = {isa = PBXBuildFile; fileRef = F0FC8C62266FD3AE00D3C8F7 /* Delegate.swift */; };
		F0FC8C70266FD43000D3C8F7 /* Bundle+Extensions.swift in Sources */ = {isa = PBXBuildFile; fileRef = F0FC8C6B266FD43000D3C8F7 /* Bundle+Extensions.swift */; };
		F0FC8C71266FD43000D3C8F7 /* Data+Extensions.swift in Sources */ = {isa = PBXBuildFile; fileRef = F0FC8C6C266FD43000D3C8F7 /* Data+Extensions.swift */; };
		F0FC8C72266FD43000D3C8F7 /* CALayer+Extensions.swift in Sources */ = {isa = PBXBuildFile; fileRef = F0FC8C6D266FD43000D3C8F7 /* CALayer+Extensions.swift */; };
		F0FC8C73266FD43000D3C8F7 /* UIViewController+Extension.swift in Sources */ = {isa = PBXBuildFile; fileRef = F0FC8C6E266FD43000D3C8F7 /* UIViewController+Extension.swift */; };
		F0FC8C74266FD43000D3C8F7 /* Moya+Extensions.swift in Sources */ = {isa = PBXBuildFile; fileRef = F0FC8C6F266FD43000D3C8F7 /* Moya+Extensions.swift */; };
/* End PBXBuildFile section */

/* Begin PBXContainerItemProxy section */
		F0FC8C37266FCEDC00D3C8F7 /* PBXContainerItemProxy */ = {
			isa = PBXContainerItemProxy;
			containerPortal = F0FC8C18266FCEDA00D3C8F7 /* Project object */;
			proxyType = 1;
			remoteGlobalIDString = F0FC8C1F266FCEDA00D3C8F7;
			remoteInfo = NewsApp;
		};
		F0FC8C42266FCEDD00D3C8F7 /* PBXContainerItemProxy */ = {
			isa = PBXContainerItemProxy;
			containerPortal = F0FC8C18266FCEDA00D3C8F7 /* Project object */;
			proxyType = 1;
			remoteGlobalIDString = F0FC8C1F266FCEDA00D3C8F7;
			remoteInfo = NewsApp;
		};
/* End PBXContainerItemProxy section */

/* Begin PBXFileReference section */
		1C106B6D182759494DF8AD75 /* Pods-NewsApp.release.xcconfig */ = {isa = PBXFileReference; includeInIndex = 1; lastKnownFileType = text.xcconfig; name = "Pods-NewsApp.release.xcconfig"; path = "Target Support Files/Pods-NewsApp/Pods-NewsApp.release.xcconfig"; sourceTree = "<group>"; };
		32835A231453919752289EDE /* Pods-NewsAppTests.release.xcconfig */ = {isa = PBXFileReference; includeInIndex = 1; lastKnownFileType = text.xcconfig; name = "Pods-NewsAppTests.release.xcconfig"; path = "Target Support Files/Pods-NewsAppTests/Pods-NewsAppTests.release.xcconfig"; sourceTree = "<group>"; };
		47F83CAC6A89C3BB0CB4FEB7 /* Pods-NewsApp-NewsAppUITests.release.xcconfig */ = {isa = PBXFileReference; includeInIndex = 1; lastKnownFileType = text.xcconfig; name = "Pods-NewsApp-NewsAppUITests.release.xcconfig"; path = "Target Support Files/Pods-NewsApp-NewsAppUITests/Pods-NewsApp-NewsAppUITests.release.xcconfig"; sourceTree = "<group>"; };
		54EFDB2CBBC476F98D645458 /* Pods-NewsApp.debug.xcconfig */ = {isa = PBXFileReference; includeInIndex = 1; lastKnownFileType = text.xcconfig; name = "Pods-NewsApp.debug.xcconfig"; path = "Target Support Files/Pods-NewsApp/Pods-NewsApp.debug.xcconfig"; sourceTree = "<group>"; };
		5DBE02D27B587DB5AB09E543 /* Pods-NewsAppTests.debug.xcconfig */ = {isa = PBXFileReference; includeInIndex = 1; lastKnownFileType = text.xcconfig; name = "Pods-NewsAppTests.debug.xcconfig"; path = "Target Support Files/Pods-NewsAppTests/Pods-NewsAppTests.debug.xcconfig"; sourceTree = "<group>"; };
		6E50B4D0EAD34411A985BE39 /* Pods_NewsAppTests.framework */ = {isa = PBXFileReference; explicitFileType = wrapper.framework; includeInIndex = 0; path = Pods_NewsAppTests.framework; sourceTree = BUILT_PRODUCTS_DIR; };
		81F00064D4DCCCEF38B05C5B /* Pods-NewsApp-NewsAppUITests.debug.xcconfig */ = {isa = PBXFileReference; includeInIndex = 1; lastKnownFileType = text.xcconfig; name = "Pods-NewsApp-NewsAppUITests.debug.xcconfig"; path = "Target Support Files/Pods-NewsApp-NewsAppUITests/Pods-NewsApp-NewsAppUITests.debug.xcconfig"; sourceTree = "<group>"; };
		A569CE1A962A48311F39C990 /* Pods_NewsApp_NewsAppUITests.framework */ = {isa = PBXFileReference; explicitFileType = wrapper.framework; includeInIndex = 0; path = Pods_NewsApp_NewsAppUITests.framework; sourceTree = BUILT_PRODUCTS_DIR; };
		B5CD185AE3FE8DA7257B8450 /* Pods_NewsApp.framework */ = {isa = PBXFileReference; explicitFileType = wrapper.framework; includeInIndex = 0; path = Pods_NewsApp.framework; sourceTree = BUILT_PRODUCTS_DIR; };
		F07F128A2675109800ADCDD6 /* Date+Extensions.swift */ = {isa = PBXFileReference; lastKnownFileType = sourcecode.swift; path = "Date+Extensions.swift"; sourceTree = "<group>"; };
		F07F129A267525B400ADCDD6 /* NewsTableViewCell.swift */ = {isa = PBXFileReference; lastKnownFileType = sourcecode.swift; path = NewsTableViewCell.swift; sourceTree = "<group>"; };
		F07F129B267525B400ADCDD6 /* NewsTableViewCell.xib */ = {isa = PBXFileReference; lastKnownFileType = file.xib; path = NewsTableViewCell.xib; sourceTree = "<group>"; };
		F07F12A4267525E300ADCDD6 /* UITableView+Extensions.swift */ = {isa = PBXFileReference; lastKnownFileType = sourcecode.swift; path = "UITableView+Extensions.swift"; sourceTree = "<group>"; };
		F07F12AC26752B8D00ADCDD6 /* NSObject+Extensions.swift */ = {isa = PBXFileReference; lastKnownFileType = sourcecode.swift; path = "NSObject+Extensions.swift"; sourceTree = "<group>"; };
		F0E526BA2671088F004C215C /* NewsRepository.swift */ = {isa = PBXFileReference; lastKnownFileType = sourcecode.swift; path = NewsRepository.swift; sourceTree = "<group>"; };
		F0E526CC26710A84004C215C /* NewsRemoteDataSource.swift */ = {isa = PBXFileReference; lastKnownFileType = sourcecode.swift; path = NewsRemoteDataSource.swift; sourceTree = "<group>"; };
		F0E526D526710BA8004C215C /* NewsListResponse.swift */ = {isa = PBXFileReference; lastKnownFileType = sourcecode.swift; path = NewsListResponse.swift; sourceTree = "<group>"; };
		F0E526DD26710C84004C215C /* ArticleResponse.swift */ = {isa = PBXFileReference; lastKnownFileType = sourcecode.swift; path = ArticleResponse.swift; sourceTree = "<group>"; };
		F0E526E526710DB4004C215C /* SourceResponse.swift */ = {isa = PBXFileReference; lastKnownFileType = sourcecode.swift; path = SourceResponse.swift; sourceTree = "<group>"; };
		F0E526EB26710E1D004C215C /* NewsList.swift */ = {isa = PBXFileReference; lastKnownFileType = sourcecode.swift; path = NewsList.swift; sourceTree = "<group>"; };
		F0E526F326710E5F004C215C /* Article.swift */ = {isa = PBXFileReference; lastKnownFileType = sourcecode.swift; path = Article.swift; sourceTree = "<group>"; };
		F0E526F826710E74004C215C /* Source.swift */ = {isa = PBXFileReference; lastKnownFileType = sourcecode.swift; path = Source.swift; sourceTree = "<group>"; };
		F0E526FE26710EF6004C215C /* NewsAPI.swift */ = {isa = PBXFileReference; lastKnownFileType = sourcecode.swift; path = NewsAPI.swift; sourceTree = "<group>"; };
		F0E5270A26710FD4004C215C /* NewsListRequest.swift */ = {isa = PBXFileReference; lastKnownFileType = sourcecode.swift; path = NewsListRequest.swift; sourceTree = "<group>"; };
		F0E5271326711060004C215C /* Config.plist */ = {isa = PBXFileReference; lastKnownFileType = text.plist.xml; path = Config.plist; sourceTree = "<group>"; };
		F0E52718267110E3004C215C /* Config.swift */ = {isa = PBXFileReference; lastKnownFileType = sourcecode.swift; path = Config.swift; sourceTree = "<group>"; };
		F0E5271E2671121C004C215C /* RequestConfigable.swift */ = {isa = PBXFileReference; lastKnownFileType = sourcecode.swift; path = RequestConfigable.swift; sourceTree = "<group>"; };
		F0E5286326712336004C215C /* FetchNewsListUseCase.swift */ = {isa = PBXFileReference; lastKnownFileType = sourcecode.swift; path = FetchNewsListUseCase.swift; sourceTree = "<group>"; };
		F0F9FDB9267201DD00783A82 /* NewsListViewController.swift */ = {isa = PBXFileReference; lastKnownFileType = sourcecode.swift; path = NewsListViewController.swift; sourceTree = "<group>"; };
		F0F9FDBA267201DD00783A82 /* NewsListViewController.xib */ = {isa = PBXFileReference; lastKnownFileType = file.xib; path = NewsListViewController.xib; sourceTree = "<group>"; };
		F0F9FDC1267201F500783A82 /* NewsListInteractor.swift */ = {isa = PBXFileReference; lastKnownFileType = sourcecode.swift; path = NewsListInteractor.swift; sourceTree = "<group>"; };
		F0F9FDC92672020100783A82 /* NewsListPresenter.swift */ = {isa = PBXFileReference; lastKnownFileType = sourcecode.swift; path = NewsListPresenter.swift; sourceTree = "<group>"; };
		F0F9FDCE2672020E00783A82 /* NewsListRouter.swift */ = {isa = PBXFileReference; lastKnownFileType = sourcecode.swift; path = NewsListRouter.swift; sourceTree = "<group>"; };
		F0F9FDD3267202A800783A82 /* NewsListDependencyContainer.swift */ = {isa = PBXFileReference; lastKnownFileType = sourcecode.swift; path = NewsListDependencyContainer.swift; sourceTree = "<group>"; };
		F0FC2ADE2678BBC000747721 /* ArticleViewModel.swift */ = {isa = PBXFileReference; lastKnownFileType = sourcecode.swift; path = ArticleViewModel.swift; sourceTree = "<group>"; };
		F0FC2AE62678BDDC00747721 /* String+Extension.swift */ = {isa = PBXFileReference; lastKnownFileType = sourcecode.swift; path = "String+Extension.swift"; sourceTree = "<group>"; };
		F0FC2AEB2678D0D500747721 /* UIColor+Extensions.swift */ = {isa = PBXFileReference; lastKnownFileType = sourcecode.swift; path = "UIColor+Extensions.swift"; sourceTree = "<group>"; };
		F0FC8C20266FCEDA00D3C8F7 /* NewsApp.app */ = {isa = PBXFileReference; explicitFileType = wrapper.application; includeInIndex = 0; path = NewsApp.app; sourceTree = BUILT_PRODUCTS_DIR; };
		F0FC8C23266FCEDA00D3C8F7 /* AppDelegate.swift */ = {isa = PBXFileReference; lastKnownFileType = sourcecode.swift; path = AppDelegate.swift; sourceTree = "<group>"; };
		F0FC8C25266FCEDA00D3C8F7 /* SceneDelegate.swift */ = {isa = PBXFileReference; lastKnownFileType = sourcecode.swift; path = SceneDelegate.swift; sourceTree = "<group>"; };
		F0FC8C2C266FCEDC00D3C8F7 /* Assets.xcassets */ = {isa = PBXFileReference; lastKnownFileType = folder.assetcatalog; path = Assets.xcassets; sourceTree = "<group>"; };
		F0FC8C2F266FCEDC00D3C8F7 /* Base */ = {isa = PBXFileReference; lastKnownFileType = file.storyboard; name = Base; path = Base.lproj/LaunchScreen.storyboard; sourceTree = "<group>"; };
		F0FC8C31266FCEDC00D3C8F7 /* Info.plist */ = {isa = PBXFileReference; lastKnownFileType = text.plist.xml; path = Info.plist; sourceTree = "<group>"; };
		F0FC8C36266FCEDC00D3C8F7 /* NewsAppTests.xctest */ = {isa = PBXFileReference; explicitFileType = wrapper.cfbundle; includeInIndex = 0; path = NewsAppTests.xctest; sourceTree = BUILT_PRODUCTS_DIR; };
		F0FC8C3A266FCEDC00D3C8F7 /* NewsAppTests.swift */ = {isa = PBXFileReference; lastKnownFileType = sourcecode.swift; path = NewsAppTests.swift; sourceTree = "<group>"; };
		F0FC8C3C266FCEDC00D3C8F7 /* Info.plist */ = {isa = PBXFileReference; lastKnownFileType = text.plist.xml; path = Info.plist; sourceTree = "<group>"; };
		F0FC8C41266FCEDD00D3C8F7 /* NewsAppUITests.xctest */ = {isa = PBXFileReference; explicitFileType = wrapper.cfbundle; includeInIndex = 0; path = NewsAppUITests.xctest; sourceTree = BUILT_PRODUCTS_DIR; };
		F0FC8C45266FCEDD00D3C8F7 /* NewsAppUITests.swift */ = {isa = PBXFileReference; lastKnownFileType = sourcecode.swift; path = NewsAppUITests.swift; sourceTree = "<group>"; };
		F0FC8C47266FCEDD00D3C8F7 /* Info.plist */ = {isa = PBXFileReference; lastKnownFileType = text.plist.xml; path = Info.plist; sourceTree = "<group>"; };
		F0FC8C57266FD2EA00D3C8F7 /* JSONUtils.swift */ = {isa = PBXFileReference; fileEncoding = 4; lastKnownFileType = sourcecode.swift; path = JSONUtils.swift; sourceTree = "<group>"; };
		F0FC8C62266FD3AE00D3C8F7 /* Delegate.swift */ = {isa = PBXFileReference; fileEncoding = 4; lastKnownFileType = sourcecode.swift; path = Delegate.swift; sourceTree = "<group>"; };
		F0FC8C6B266FD43000D3C8F7 /* Bundle+Extensions.swift */ = {isa = PBXFileReference; fileEncoding = 4; lastKnownFileType = sourcecode.swift; path = "Bundle+Extensions.swift"; sourceTree = "<group>"; };
		F0FC8C6C266FD43000D3C8F7 /* Data+Extensions.swift */ = {isa = PBXFileReference; fileEncoding = 4; lastKnownFileType = sourcecode.swift; path = "Data+Extensions.swift"; sourceTree = "<group>"; };
		F0FC8C6D266FD43000D3C8F7 /* CALayer+Extensions.swift */ = {isa = PBXFileReference; fileEncoding = 4; lastKnownFileType = sourcecode.swift; path = "CALayer+Extensions.swift"; sourceTree = "<group>"; };
		F0FC8C6E266FD43000D3C8F7 /* UIViewController+Extension.swift */ = {isa = PBXFileReference; fileEncoding = 4; lastKnownFileType = sourcecode.swift; path = "UIViewController+Extension.swift"; sourceTree = "<group>"; };
		F0FC8C6F266FD43000D3C8F7 /* Moya+Extensions.swift */ = {isa = PBXFileReference; fileEncoding = 4; lastKnownFileType = sourcecode.swift; path = "Moya+Extensions.swift"; sourceTree = "<group>"; };
/* End PBXFileReference section */

/* Begin PBXFrameworksBuildPhase section */
		F0FC8C1D266FCEDA00D3C8F7 /* Frameworks */ = {
			isa = PBXFrameworksBuildPhase;
			buildActionMask = 2147483647;
			files = (
				4D2F50B20265B4C1A1915E1B /* Pods_NewsApp.framework in Frameworks */,
			);
			runOnlyForDeploymentPostprocessing = 0;
		};
		F0FC8C33266FCEDC00D3C8F7 /* Frameworks */ = {
			isa = PBXFrameworksBuildPhase;
			buildActionMask = 2147483647;
			files = (
				0E53394F2C2F4696AD425C95 /* Pods_NewsAppTests.framework in Frameworks */,
			);
			runOnlyForDeploymentPostprocessing = 0;
		};
		F0FC8C3E266FCEDD00D3C8F7 /* Frameworks */ = {
			isa = PBXFrameworksBuildPhase;
			buildActionMask = 2147483647;
			files = (
				715C538E1C23DB9501E40D73 /* Pods_NewsApp_NewsAppUITests.framework in Frameworks */,
			);
			runOnlyForDeploymentPostprocessing = 0;
		};
/* End PBXFrameworksBuildPhase section */

/* Begin PBXGroup section */
		149F4E8411A3174140AE3215 /* Frameworks */ = {
			isa = PBXGroup;
			children = (
				B5CD185AE3FE8DA7257B8450 /* Pods_NewsApp.framework */,
				A569CE1A962A48311F39C990 /* Pods_NewsApp_NewsAppUITests.framework */,
				6E50B4D0EAD34411A985BE39 /* Pods_NewsAppTests.framework */,
			);
			name = Frameworks;
			sourceTree = "<group>";
		};
		6A02DDC02B057339541B401B /* Pods */ = {
			isa = PBXGroup;
			children = (
				54EFDB2CBBC476F98D645458 /* Pods-NewsApp.debug.xcconfig */,
				1C106B6D182759494DF8AD75 /* Pods-NewsApp.release.xcconfig */,
				81F00064D4DCCCEF38B05C5B /* Pods-NewsApp-NewsAppUITests.debug.xcconfig */,
				47F83CAC6A89C3BB0CB4FEB7 /* Pods-NewsApp-NewsAppUITests.release.xcconfig */,
				5DBE02D27B587DB5AB09E543 /* Pods-NewsAppTests.debug.xcconfig */,
				32835A231453919752289EDE /* Pods-NewsAppTests.release.xcconfig */,
			);
			path = Pods;
			sourceTree = "<group>";
		};
		F07F12992675259C00ADCDD6 /* TableViewCells */ = {
			isa = PBXGroup;
			children = (
				F07F129A267525B400ADCDD6 /* NewsTableViewCell.swift */,
				F07F129B267525B400ADCDD6 /* NewsTableViewCell.xib */,
			);
			path = TableViewCells;
			sourceTree = "<group>";
		};
		F0E526B726710868004C215C /* News */ = {
			isa = PBXGroup;
			children = (
				F0E526B926710873004C215C /* Repository */,
				F0E526B82671086C004C215C /* DataSources */,
			);
			path = News;
			sourceTree = "<group>";
		};
		F0E526B82671086C004C215C /* DataSources */ = {
			isa = PBXGroup;
			children = (
				F0E526CC26710A84004C215C /* NewsRemoteDataSource.swift */,
			);
			path = DataSources;
			sourceTree = "<group>";
		};
		F0E526B926710873004C215C /* Repository */ = {
			isa = PBXGroup;
			children = (
				F0E526BA2671088F004C215C /* NewsRepository.swift */,
			);
			path = Repository;
			sourceTree = "<group>";
		};
		F0E526D426710B99004C215C /* Responses */ = {
			isa = PBXGroup;
			children = (
				F0E526D526710BA8004C215C /* NewsListResponse.swift */,
				F0E526DD26710C84004C215C /* ArticleResponse.swift */,
				F0E526E526710DB4004C215C /* SourceResponse.swift */,
			);
			path = Responses;
			sourceTree = "<group>";
		};
		F0E526EA26710E0E004C215C /* Entities */ = {
			isa = PBXGroup;
			children = (
				F0E526EB26710E1D004C215C /* NewsList.swift */,
				F0E526F326710E5F004C215C /* Article.swift */,
				F0E526F826710E74004C215C /* Source.swift */,
			);
			path = Entities;
			sourceTree = "<group>";
		};
		F0E526FD26710EEC004C215C /* News */ = {
			isa = PBXGroup;
			children = (
				F0E526FE26710EF6004C215C /* NewsAPI.swift */,
			);
			path = News;
			sourceTree = "<group>";
		};
		F0E5270926710FC2004C215C /* Requests */ = {
			isa = PBXGroup;
			children = (
				F0E5270A26710FD4004C215C /* NewsListRequest.swift */,
			);
			path = Requests;
			sourceTree = "<group>";
		};
		F0E5271D2671120F004C215C /* Protocols */ = {
			isa = PBXGroup;
			children = (
				F0E5271E2671121C004C215C /* RequestConfigable.swift */,
			);
			path = Protocols;
			sourceTree = "<group>";
		};
		F0E5286826712359004C215C /* News */ = {
			isa = PBXGroup;
			children = (
				F0E5286326712336004C215C /* FetchNewsListUseCase.swift */,
			);
			path = News;
			sourceTree = "<group>";
		};
		F0F9FDB5267201A500783A82 /* NewsList */ = {
			isa = PBXGroup;
			children = (
				F0FC2ADD2678BBAF00747721 /* ViewModels */,
				F07F12992675259C00ADCDD6 /* TableViewCells */,
				F0F9FDD3267202A800783A82 /* NewsListDependencyContainer.swift */,
				F0F9FDC1267201F500783A82 /* NewsListInteractor.swift */,
				F0F9FDC92672020100783A82 /* NewsListPresenter.swift */,
				F0F9FDB9267201DD00783A82 /* NewsListViewController.swift */,
				F0F9FDCE2672020E00783A82 /* NewsListRouter.swift */,
				F0F9FDBA267201DD00783A82 /* NewsListViewController.xib */,
			);
			path = NewsList;
			sourceTree = "<group>";
		};
		F0FC2ADD2678BBAF00747721 /* ViewModels */ = {
			isa = PBXGroup;
			children = (
				F0FC2ADE2678BBC000747721 /* ArticleViewModel.swift */,
			);
			path = ViewModels;
			sourceTree = "<group>";
		};
		F0FC8C17266FCEDA00D3C8F7 = {
			isa = PBXGroup;
			children = (
				F0FC8C22266FCEDA00D3C8F7 /* NewsApp */,
				F0FC8C39266FCEDC00D3C8F7 /* NewsAppTests */,
				F0FC8C44266FCEDD00D3C8F7 /* NewsAppUITests */,
				F0FC8C21266FCEDA00D3C8F7 /* Products */,
				6A02DDC02B057339541B401B /* Pods */,
				149F4E8411A3174140AE3215 /* Frameworks */,
			);
			sourceTree = "<group>";
		};
		F0FC8C21266FCEDA00D3C8F7 /* Products */ = {
			isa = PBXGroup;
			children = (
				F0FC8C20266FCEDA00D3C8F7 /* NewsApp.app */,
				F0FC8C36266FCEDC00D3C8F7 /* NewsAppTests.xctest */,
				F0FC8C41266FCEDD00D3C8F7 /* NewsAppUITests.xctest */,
			);
			name = Products;
			sourceTree = "<group>";
		};
		F0FC8C22266FCEDA00D3C8F7 /* NewsApp */ = {
			isa = PBXGroup;
			children = (
				F0E526EA26710E0E004C215C /* Entities */,
				F0FC8C85266FD4FF00D3C8F7 /* APIs */,
				F0FC8C84266FD4F500D3C8F7 /* FlowControls */,
				F0FC8C83266FD4E800D3C8F7 /* Request & Response */,
				F0FC8C82266FD4C000D3C8F7 /* Repositories */,
				F0FC8C81266FD4AE00D3C8F7 /* UseCases */,
				F0FC8C6A266FD3ED00D3C8F7 /* Extensions */,
				F0FC8C5D266FD30400D3C8F7 /* Core */,
				F0FC8C61266FD39300D3C8F7 /* Helpers */,
				F0FC8C5F266FD34300D3C8F7 /* Resources */,
				F0FC8C5E266FD31E00D3C8F7 /* Support Files */,
				F0FC8C56266FD2DA00D3C8F7 /* Utils */,
			);
			path = NewsApp;
			sourceTree = "<group>";
		};
		F0FC8C39266FCEDC00D3C8F7 /* NewsAppTests */ = {
			isa = PBXGroup;
			children = (
				F0FC8C3A266FCEDC00D3C8F7 /* NewsAppTests.swift */,
				F0FC8C3C266FCEDC00D3C8F7 /* Info.plist */,
			);
			path = NewsAppTests;
			sourceTree = "<group>";
		};
		F0FC8C44266FCEDD00D3C8F7 /* NewsAppUITests */ = {
			isa = PBXGroup;
			children = (
				F0FC8C45266FCEDD00D3C8F7 /* NewsAppUITests.swift */,
				F0FC8C47266FCEDD00D3C8F7 /* Info.plist */,
			);
			path = NewsAppUITests;
			sourceTree = "<group>";
		};
		F0FC8C56266FD2DA00D3C8F7 /* Utils */ = {
			isa = PBXGroup;
			children = (
				F0FC8C57266FD2EA00D3C8F7 /* JSONUtils.swift */,
			);
			path = Utils;
			sourceTree = "<group>";
		};
		F0FC8C5D266FD30400D3C8F7 /* Core */ = {
			isa = PBXGroup;
			children = (
				F0FC8C23266FCEDA00D3C8F7 /* AppDelegate.swift */,
				F0FC8C25266FCEDA00D3C8F7 /* SceneDelegate.swift */,
				F0E52718267110E3004C215C /* Config.swift */,
			);
			path = Core;
			sourceTree = "<group>";
		};
		F0FC8C5E266FD31E00D3C8F7 /* Support Files */ = {
			isa = PBXGroup;
			children = (
				F0FC8C31266FCEDC00D3C8F7 /* Info.plist */,
				F0E5271326711060004C215C /* Config.plist */,
			);
			path = "Support Files";
			sourceTree = "<group>";
		};
		F0FC8C5F266FD34300D3C8F7 /* Resources */ = {
			isa = PBXGroup;
			children = (
				F0FC8C60266FD34A00D3C8F7 /* Interfaces */,
			);
			path = Resources;
			sourceTree = "<group>";
		};
		F0FC8C60266FD34A00D3C8F7 /* Interfaces */ = {
			isa = PBXGroup;
			children = (
				F0FC8C2E266FCEDC00D3C8F7 /* LaunchScreen.storyboard */,
				F0FC8C2C266FCEDC00D3C8F7 /* Assets.xcassets */,
			);
			path = Interfaces;
			sourceTree = "<group>";
		};
		F0FC8C61266FD39300D3C8F7 /* Helpers */ = {
			isa = PBXGroup;
			children = (
				F0FC8C62266FD3AE00D3C8F7 /* Delegate.swift */,
			);
			path = Helpers;
			sourceTree = "<group>";
		};
		F0FC8C6A266FD3ED00D3C8F7 /* Extensions */ = {
			isa = PBXGroup;
			children = (
				F0FC8C6B266FD43000D3C8F7 /* Bundle+Extensions.swift */,
				F0FC8C6D266FD43000D3C8F7 /* CALayer+Extensions.swift */,
				F0FC8C6C266FD43000D3C8F7 /* Data+Extensions.swift */,
				F0FC8C6F266FD43000D3C8F7 /* Moya+Extensions.swift */,
				F0FC8C6E266FD43000D3C8F7 /* UIViewController+Extension.swift */,
				F07F128A2675109800ADCDD6 /* Date+Extensions.swift */,
				F07F12A4267525E300ADCDD6 /* UITableView+Extensions.swift */,
				F07F12AC26752B8D00ADCDD6 /* NSObject+Extensions.swift */,
				F0FC2AE62678BDDC00747721 /* String+Extension.swift */,
				F0FC2AEB2678D0D500747721 /* UIColor+Extensions.swift */,
			);
			path = Extensions;
			sourceTree = "<group>";
		};
		F0FC8C81266FD4AE00D3C8F7 /* UseCases */ = {
			isa = PBXGroup;
			children = (
				F0E5286826712359004C215C /* News */,
			);
			path = UseCases;
			sourceTree = "<group>";
		};
		F0FC8C82266FD4C000D3C8F7 /* Repositories */ = {
			isa = PBXGroup;
			children = (
				F0E526B726710868004C215C /* News */,
			);
			path = Repositories;
			sourceTree = "<group>";
		};
		F0FC8C83266FD4E800D3C8F7 /* Request & Response */ = {
			isa = PBXGroup;
			children = (
				F0E5271D2671120F004C215C /* Protocols */,
				F0E5270926710FC2004C215C /* Requests */,
				F0E526D426710B99004C215C /* Responses */,
			);
			path = "Request & Response";
			sourceTree = "<group>";
		};
		F0FC8C84266FD4F500D3C8F7 /* FlowControls */ = {
			isa = PBXGroup;
			children = (
				F0F9FDB5267201A500783A82 /* NewsList */,
			);
			path = FlowControls;
			sourceTree = "<group>";
		};
		F0FC8C85266FD4FF00D3C8F7 /* APIs */ = {
			isa = PBXGroup;
			children = (
				F0E526FD26710EEC004C215C /* News */,
			);
			path = APIs;
			sourceTree = "<group>";
		};
/* End PBXGroup section */

/* Begin PBXNativeTarget section */
		F0FC8C1F266FCEDA00D3C8F7 /* NewsApp */ = {
			isa = PBXNativeTarget;
			buildConfigurationList = F0FC8C4A266FCEDD00D3C8F7 /* Build configuration list for PBXNativeTarget "NewsApp" */;
			buildPhases = (
				086FD5C061A692BC15ED5F04 /* [CP] Check Pods Manifest.lock */,
				F0FC8C1C266FCEDA00D3C8F7 /* Sources */,
				F0FC8C1D266FCEDA00D3C8F7 /* Frameworks */,
				F0FC8C1E266FCEDA00D3C8F7 /* Resources */,
				4C35A3D76BE34B4363914DBF /* [CP] Embed Pods Frameworks */,
			);
			buildRules = (
			);
			dependencies = (
			);
			name = NewsApp;
			productName = NewsApp;
			productReference = F0FC8C20266FCEDA00D3C8F7 /* NewsApp.app */;
			productType = "com.apple.product-type.application";
		};
		F0FC8C35266FCEDC00D3C8F7 /* NewsAppTests */ = {
			isa = PBXNativeTarget;
			buildConfigurationList = F0FC8C4D266FCEDD00D3C8F7 /* Build configuration list for PBXNativeTarget "NewsAppTests" */;
			buildPhases = (
				A224B78D122D6C02F460EC84 /* [CP] Check Pods Manifest.lock */,
				F0FC8C32266FCEDC00D3C8F7 /* Sources */,
				F0FC8C33266FCEDC00D3C8F7 /* Frameworks */,
				F0FC8C34266FCEDC00D3C8F7 /* Resources */,
			);
			buildRules = (
			);
			dependencies = (
				F0FC8C38266FCEDC00D3C8F7 /* PBXTargetDependency */,
			);
			name = NewsAppTests;
			productName = NewsAppTests;
			productReference = F0FC8C36266FCEDC00D3C8F7 /* NewsAppTests.xctest */;
			productType = "com.apple.product-type.bundle.unit-test";
		};
		F0FC8C40266FCEDD00D3C8F7 /* NewsAppUITests */ = {
			isa = PBXNativeTarget;
			buildConfigurationList = F0FC8C50266FCEDD00D3C8F7 /* Build configuration list for PBXNativeTarget "NewsAppUITests" */;
			buildPhases = (
				695B26EFB2F379707AF55689 /* [CP] Check Pods Manifest.lock */,
				F0FC8C3D266FCEDD00D3C8F7 /* Sources */,
				F0FC8C3E266FCEDD00D3C8F7 /* Frameworks */,
				F0FC8C3F266FCEDD00D3C8F7 /* Resources */,
				FAE433F23F348BE629F14F29 /* [CP] Embed Pods Frameworks */,
			);
			buildRules = (
			);
			dependencies = (
				F0FC8C43266FCEDD00D3C8F7 /* PBXTargetDependency */,
			);
			name = NewsAppUITests;
			productName = NewsAppUITests;
			productReference = F0FC8C41266FCEDD00D3C8F7 /* NewsAppUITests.xctest */;
			productType = "com.apple.product-type.bundle.ui-testing";
		};
/* End PBXNativeTarget section */

/* Begin PBXProject section */
		F0FC8C18266FCEDA00D3C8F7 /* Project object */ = {
			isa = PBXProject;
			attributes = {
				LastSwiftUpdateCheck = 1210;
				LastUpgradeCheck = 1210;
				TargetAttributes = {
					F0FC8C1F266FCEDA00D3C8F7 = {
						CreatedOnToolsVersion = 12.1;
					};
					F0FC8C35266FCEDC00D3C8F7 = {
						CreatedOnToolsVersion = 12.1;
						TestTargetID = F0FC8C1F266FCEDA00D3C8F7;
					};
					F0FC8C40266FCEDD00D3C8F7 = {
						CreatedOnToolsVersion = 12.1;
						TestTargetID = F0FC8C1F266FCEDA00D3C8F7;
					};
				};
			};
			buildConfigurationList = F0FC8C1B266FCEDA00D3C8F7 /* Build configuration list for PBXProject "NewsApp" */;
			compatibilityVersion = "Xcode 9.3";
			developmentRegion = en;
			hasScannedForEncodings = 0;
			knownRegions = (
				en,
				Base,
			);
			mainGroup = F0FC8C17266FCEDA00D3C8F7;
			productRefGroup = F0FC8C21266FCEDA00D3C8F7 /* Products */;
			projectDirPath = "";
			projectRoot = "";
			targets = (
				F0FC8C1F266FCEDA00D3C8F7 /* NewsApp */,
				F0FC8C35266FCEDC00D3C8F7 /* NewsAppTests */,
				F0FC8C40266FCEDD00D3C8F7 /* NewsAppUITests */,
			);
		};
/* End PBXProject section */

/* Begin PBXResourcesBuildPhase section */
		F0FC8C1E266FCEDA00D3C8F7 /* Resources */ = {
			isa = PBXResourcesBuildPhase;
			buildActionMask = 2147483647;
			files = (
				F0E5271426711060004C215C /* Config.plist in Resources */,
				F0FC8C30266FCEDC00D3C8F7 /* LaunchScreen.storyboard in Resources */,
				F0F9FDBC267201DD00783A82 /* NewsListViewController.xib in Resources */,
				F0FC8C2D266FCEDC00D3C8F7 /* Assets.xcassets in Resources */,
				F07F129D267525B400ADCDD6 /* NewsTableViewCell.xib in Resources */,
			);
			runOnlyForDeploymentPostprocessing = 0;
		};
		F0FC8C34266FCEDC00D3C8F7 /* Resources */ = {
			isa = PBXResourcesBuildPhase;
			buildActionMask = 2147483647;
			files = (
			);
			runOnlyForDeploymentPostprocessing = 0;
		};
		F0FC8C3F266FCEDD00D3C8F7 /* Resources */ = {
			isa = PBXResourcesBuildPhase;
			buildActionMask = 2147483647;
			files = (
			);
			runOnlyForDeploymentPostprocessing = 0;
		};
/* End PBXResourcesBuildPhase section */

/* Begin PBXShellScriptBuildPhase section */
		086FD5C061A692BC15ED5F04 /* [CP] Check Pods Manifest.lock */ = {
			isa = PBXShellScriptBuildPhase;
			buildActionMask = 2147483647;
			files = (
			);
			inputFileListPaths = (
			);
			inputPaths = (
				"${PODS_PODFILE_DIR_PATH}/Podfile.lock",
				"${PODS_ROOT}/Manifest.lock",
			);
			name = "[CP] Check Pods Manifest.lock";
			outputFileListPaths = (
			);
			outputPaths = (
				"$(DERIVED_FILE_DIR)/Pods-NewsApp-checkManifestLockResult.txt",
			);
			runOnlyForDeploymentPostprocessing = 0;
			shellPath = /bin/sh;
			shellScript = "diff \"${PODS_PODFILE_DIR_PATH}/Podfile.lock\" \"${PODS_ROOT}/Manifest.lock\" > /dev/null\nif [ $? != 0 ] ; then\n    # print error to STDERR\n    echo \"error: The sandbox is not in sync with the Podfile.lock. Run 'pod install' or update your CocoaPods installation.\" >&2\n    exit 1\nfi\n# This output is used by Xcode 'outputs' to avoid re-running this script phase.\necho \"SUCCESS\" > \"${SCRIPT_OUTPUT_FILE_0}\"\n";
			showEnvVarsInLog = 0;
		};
		4C35A3D76BE34B4363914DBF /* [CP] Embed Pods Frameworks */ = {
			isa = PBXShellScriptBuildPhase;
			buildActionMask = 2147483647;
			files = (
			);
			inputFileListPaths = (
				"${PODS_ROOT}/Target Support Files/Pods-NewsApp/Pods-NewsApp-frameworks-${CONFIGURATION}-input-files.xcfilelist",
			);
			name = "[CP] Embed Pods Frameworks";
			outputFileListPaths = (
				"${PODS_ROOT}/Target Support Files/Pods-NewsApp/Pods-NewsApp-frameworks-${CONFIGURATION}-output-files.xcfilelist",
			);
			runOnlyForDeploymentPostprocessing = 0;
			shellPath = /bin/sh;
			shellScript = "\"${PODS_ROOT}/Target Support Files/Pods-NewsApp/Pods-NewsApp-frameworks.sh\"\n";
			showEnvVarsInLog = 0;
		};
		695B26EFB2F379707AF55689 /* [CP] Check Pods Manifest.lock */ = {
			isa = PBXShellScriptBuildPhase;
			buildActionMask = 2147483647;
			files = (
			);
			inputFileListPaths = (
			);
			inputPaths = (
				"${PODS_PODFILE_DIR_PATH}/Podfile.lock",
				"${PODS_ROOT}/Manifest.lock",
			);
			name = "[CP] Check Pods Manifest.lock";
			outputFileListPaths = (
			);
			outputPaths = (
				"$(DERIVED_FILE_DIR)/Pods-NewsApp-NewsAppUITests-checkManifestLockResult.txt",
			);
			runOnlyForDeploymentPostprocessing = 0;
			shellPath = /bin/sh;
			shellScript = "diff \"${PODS_PODFILE_DIR_PATH}/Podfile.lock\" \"${PODS_ROOT}/Manifest.lock\" > /dev/null\nif [ $? != 0 ] ; then\n    # print error to STDERR\n    echo \"error: The sandbox is not in sync with the Podfile.lock. Run 'pod install' or update your CocoaPods installation.\" >&2\n    exit 1\nfi\n# This output is used by Xcode 'outputs' to avoid re-running this script phase.\necho \"SUCCESS\" > \"${SCRIPT_OUTPUT_FILE_0}\"\n";
			showEnvVarsInLog = 0;
		};
		A224B78D122D6C02F460EC84 /* [CP] Check Pods Manifest.lock */ = {
			isa = PBXShellScriptBuildPhase;
			buildActionMask = 2147483647;
			files = (
			);
			inputFileListPaths = (
			);
			inputPaths = (
				"${PODS_PODFILE_DIR_PATH}/Podfile.lock",
				"${PODS_ROOT}/Manifest.lock",
			);
			name = "[CP] Check Pods Manifest.lock";
			outputFileListPaths = (
			);
			outputPaths = (
				"$(DERIVED_FILE_DIR)/Pods-NewsAppTests-checkManifestLockResult.txt",
			);
			runOnlyForDeploymentPostprocessing = 0;
			shellPath = /bin/sh;
			shellScript = "diff \"${PODS_PODFILE_DIR_PATH}/Podfile.lock\" \"${PODS_ROOT}/Manifest.lock\" > /dev/null\nif [ $? != 0 ] ; then\n    # print error to STDERR\n    echo \"error: The sandbox is not in sync with the Podfile.lock. Run 'pod install' or update your CocoaPods installation.\" >&2\n    exit 1\nfi\n# This output is used by Xcode 'outputs' to avoid re-running this script phase.\necho \"SUCCESS\" > \"${SCRIPT_OUTPUT_FILE_0}\"\n";
			showEnvVarsInLog = 0;
		};
		FAE433F23F348BE629F14F29 /* [CP] Embed Pods Frameworks */ = {
			isa = PBXShellScriptBuildPhase;
			buildActionMask = 2147483647;
			files = (
			);
			inputFileListPaths = (
				"${PODS_ROOT}/Target Support Files/Pods-NewsApp-NewsAppUITests/Pods-NewsApp-NewsAppUITests-frameworks-${CONFIGURATION}-input-files.xcfilelist",
			);
			name = "[CP] Embed Pods Frameworks";
			outputFileListPaths = (
				"${PODS_ROOT}/Target Support Files/Pods-NewsApp-NewsAppUITests/Pods-NewsApp-NewsAppUITests-frameworks-${CONFIGURATION}-output-files.xcfilelist",
			);
			runOnlyForDeploymentPostprocessing = 0;
			shellPath = /bin/sh;
			shellScript = "\"${PODS_ROOT}/Target Support Files/Pods-NewsApp-NewsAppUITests/Pods-NewsApp-NewsAppUITests-frameworks.sh\"\n";
			showEnvVarsInLog = 0;
		};
/* End PBXShellScriptBuildPhase section */

/* Begin PBXSourcesBuildPhase section */
		F0FC8C1C266FCEDA00D3C8F7 /* Sources */ = {
			isa = PBXSourcesBuildPhase;
			buildActionMask = 2147483647;
			files = (
				F0FC8C73266FD43000D3C8F7 /* UIViewController+Extension.swift in Sources */,
				F0FC2AE72678BDDC00747721 /* String+Extension.swift in Sources */,
				F0FC2ADF2678BBC000747721 /* ArticleViewModel.swift in Sources */,
				F0E5286426712336004C215C /* FetchNewsListUseCase.swift in Sources */,
				F0E526E626710DB4004C215C /* SourceResponse.swift in Sources */,
				F0E526EC26710E1D004C215C /* NewsList.swift in Sources */,
				F07F129C267525B400ADCDD6 /* NewsTableViewCell.swift in Sources */,
				F07F12AD26752B8D00ADCDD6 /* NSObject+Extensions.swift in Sources */,
				F0F9FDD4267202A800783A82 /* NewsListDependencyContainer.swift in Sources */,
				F0F9FDC2267201F500783A82 /* NewsListInteractor.swift in Sources */,
				F0FC8C71266FD43000D3C8F7 /* Data+Extensions.swift in Sources */,
				F0FC8C63266FD3AE00D3C8F7 /* Delegate.swift in Sources */,
				F0FC8C58266FD2EA00D3C8F7 /* JSONUtils.swift in Sources */,
				F0E526CD26710A84004C215C /* NewsRemoteDataSource.swift in Sources */,
				F0FC8C74266FD43000D3C8F7 /* Moya+Extensions.swift in Sources */,
				F0FC2AEC2678D0D500747721 /* UIColor+Extensions.swift in Sources */,
				F0E526DE26710C84004C215C /* ArticleResponse.swift in Sources */,
				F0E5270B26710FD4004C215C /* NewsListRequest.swift in Sources */,
				F0E526D626710BA8004C215C /* NewsListResponse.swift in Sources */,
				F0E526FF26710EF6004C215C /* NewsAPI.swift in Sources */,
				F0FC8C70266FD43000D3C8F7 /* Bundle+Extensions.swift in Sources */,
				F07F12A5267525E300ADCDD6 /* UITableView+Extensions.swift in Sources */,
				F0F9FDBB267201DD00783A82 /* NewsListViewController.swift in Sources */,
				F0FC8C24266FCEDA00D3C8F7 /* AppDelegate.swift in Sources */,
				F0FC8C26266FCEDA00D3C8F7 /* SceneDelegate.swift in Sources */,
				F0E526F926710E74004C215C /* Source.swift in Sources */,
				F0F9FDCF2672020E00783A82 /* NewsListRouter.swift in Sources */,
				F0E5271F2671121C004C215C /* RequestConfigable.swift in Sources */,
				F0F9FDCA2672020100783A82 /* NewsListPresenter.swift in Sources */,
				F07F128B2675109800ADCDD6 /* Date+Extensions.swift in Sources */,
				F0E52719267110E3004C215C /* Config.swift in Sources */,
				F0E526F426710E5F004C215C /* Article.swift in Sources */,
				F0E526BB2671088F004C215C /* NewsRepository.swift in Sources */,
				F0FC8C72266FD43000D3C8F7 /* CALayer+Extensions.swift in Sources */,
			);
			runOnlyForDeploymentPostprocessing = 0;
		};
		F0FC8C32266FCEDC00D3C8F7 /* Sources */ = {
			isa = PBXSourcesBuildPhase;
			buildActionMask = 2147483647;
			files = (
				F0FC8C3B266FCEDC00D3C8F7 /* NewsAppTests.swift in Sources */,
			);
			runOnlyForDeploymentPostprocessing = 0;
		};
		F0FC8C3D266FCEDD00D3C8F7 /* Sources */ = {
			isa = PBXSourcesBuildPhase;
			buildActionMask = 2147483647;
			files = (
				F0FC8C46266FCEDD00D3C8F7 /* NewsAppUITests.swift in Sources */,
			);
			runOnlyForDeploymentPostprocessing = 0;
		};
/* End PBXSourcesBuildPhase section */

/* Begin PBXTargetDependency section */
		F0FC8C38266FCEDC00D3C8F7 /* PBXTargetDependency */ = {
			isa = PBXTargetDependency;
			target = F0FC8C1F266FCEDA00D3C8F7 /* NewsApp */;
			targetProxy = F0FC8C37266FCEDC00D3C8F7 /* PBXContainerItemProxy */;
		};
		F0FC8C43266FCEDD00D3C8F7 /* PBXTargetDependency */ = {
			isa = PBXTargetDependency;
			target = F0FC8C1F266FCEDA00D3C8F7 /* NewsApp */;
			targetProxy = F0FC8C42266FCEDD00D3C8F7 /* PBXContainerItemProxy */;
		};
/* End PBXTargetDependency section */

/* Begin PBXVariantGroup section */
		F0FC8C2E266FCEDC00D3C8F7 /* LaunchScreen.storyboard */ = {
			isa = PBXVariantGroup;
			children = (
				F0FC8C2F266FCEDC00D3C8F7 /* Base */,
			);
			name = LaunchScreen.storyboard;
			sourceTree = "<group>";
		};
/* End PBXVariantGroup section */

/* Begin XCBuildConfiguration section */
		F0FC8C48266FCEDD00D3C8F7 /* Debug */ = {
			isa = XCBuildConfiguration;
			buildSettings = {
				ALWAYS_SEARCH_USER_PATHS = NO;
				CLANG_ANALYZER_NONNULL = YES;
				CLANG_ANALYZER_NUMBER_OBJECT_CONVERSION = YES_AGGRESSIVE;
				CLANG_CXX_LANGUAGE_STANDARD = "gnu++14";
				CLANG_CXX_LIBRARY = "libc++";
				CLANG_ENABLE_MODULES = YES;
				CLANG_ENABLE_OBJC_ARC = YES;
				CLANG_ENABLE_OBJC_WEAK = YES;
				CLANG_WARN_BLOCK_CAPTURE_AUTORELEASING = YES;
				CLANG_WARN_BOOL_CONVERSION = YES;
				CLANG_WARN_COMMA = YES;
				CLANG_WARN_CONSTANT_CONVERSION = YES;
				CLANG_WARN_DEPRECATED_OBJC_IMPLEMENTATIONS = YES;
				CLANG_WARN_DIRECT_OBJC_ISA_USAGE = YES_ERROR;
				CLANG_WARN_DOCUMENTATION_COMMENTS = YES;
				CLANG_WARN_EMPTY_BODY = YES;
				CLANG_WARN_ENUM_CONVERSION = YES;
				CLANG_WARN_INFINITE_RECURSION = YES;
				CLANG_WARN_INT_CONVERSION = YES;
				CLANG_WARN_NON_LITERAL_NULL_CONVERSION = YES;
				CLANG_WARN_OBJC_IMPLICIT_RETAIN_SELF = YES;
				CLANG_WARN_OBJC_LITERAL_CONVERSION = YES;
				CLANG_WARN_OBJC_ROOT_CLASS = YES_ERROR;
				CLANG_WARN_QUOTED_INCLUDE_IN_FRAMEWORK_HEADER = YES;
				CLANG_WARN_RANGE_LOOP_ANALYSIS = YES;
				CLANG_WARN_STRICT_PROTOTYPES = YES;
				CLANG_WARN_SUSPICIOUS_MOVE = YES;
				CLANG_WARN_UNGUARDED_AVAILABILITY = YES_AGGRESSIVE;
				CLANG_WARN_UNREACHABLE_CODE = YES;
				CLANG_WARN__DUPLICATE_METHOD_MATCH = YES;
				COPY_PHASE_STRIP = NO;
				DEBUG_INFORMATION_FORMAT = dwarf;
				ENABLE_STRICT_OBJC_MSGSEND = YES;
				ENABLE_TESTABILITY = YES;
				GCC_C_LANGUAGE_STANDARD = gnu11;
				GCC_DYNAMIC_NO_PIC = NO;
				GCC_NO_COMMON_BLOCKS = YES;
				GCC_OPTIMIZATION_LEVEL = 0;
				GCC_PREPROCESSOR_DEFINITIONS = (
					"DEBUG=1",
					"$(inherited)",
				);
				GCC_WARN_64_TO_32_BIT_CONVERSION = YES;
				GCC_WARN_ABOUT_RETURN_TYPE = YES_ERROR;
				GCC_WARN_UNDECLARED_SELECTOR = YES;
				GCC_WARN_UNINITIALIZED_AUTOS = YES_AGGRESSIVE;
				GCC_WARN_UNUSED_FUNCTION = YES;
				GCC_WARN_UNUSED_VARIABLE = YES;
				IPHONEOS_DEPLOYMENT_TARGET = 14.1;
				MTL_ENABLE_DEBUG_INFO = INCLUDE_SOURCE;
				MTL_FAST_MATH = YES;
				ONLY_ACTIVE_ARCH = YES;
				SDKROOT = iphoneos;
				SWIFT_ACTIVE_COMPILATION_CONDITIONS = DEBUG;
				SWIFT_OPTIMIZATION_LEVEL = "-Onone";
			};
			name = Debug;
		};
		F0FC8C49266FCEDD00D3C8F7 /* Release */ = {
			isa = XCBuildConfiguration;
			buildSettings = {
				ALWAYS_SEARCH_USER_PATHS = NO;
				CLANG_ANALYZER_NONNULL = YES;
				CLANG_ANALYZER_NUMBER_OBJECT_CONVERSION = YES_AGGRESSIVE;
				CLANG_CXX_LANGUAGE_STANDARD = "gnu++14";
				CLANG_CXX_LIBRARY = "libc++";
				CLANG_ENABLE_MODULES = YES;
				CLANG_ENABLE_OBJC_ARC = YES;
				CLANG_ENABLE_OBJC_WEAK = YES;
				CLANG_WARN_BLOCK_CAPTURE_AUTORELEASING = YES;
				CLANG_WARN_BOOL_CONVERSION = YES;
				CLANG_WARN_COMMA = YES;
				CLANG_WARN_CONSTANT_CONVERSION = YES;
				CLANG_WARN_DEPRECATED_OBJC_IMPLEMENTATIONS = YES;
				CLANG_WARN_DIRECT_OBJC_ISA_USAGE = YES_ERROR;
				CLANG_WARN_DOCUMENTATION_COMMENTS = YES;
				CLANG_WARN_EMPTY_BODY = YES;
				CLANG_WARN_ENUM_CONVERSION = YES;
				CLANG_WARN_INFINITE_RECURSION = YES;
				CLANG_WARN_INT_CONVERSION = YES;
				CLANG_WARN_NON_LITERAL_NULL_CONVERSION = YES;
				CLANG_WARN_OBJC_IMPLICIT_RETAIN_SELF = YES;
				CLANG_WARN_OBJC_LITERAL_CONVERSION = YES;
				CLANG_WARN_OBJC_ROOT_CLASS = YES_ERROR;
				CLANG_WARN_QUOTED_INCLUDE_IN_FRAMEWORK_HEADER = YES;
				CLANG_WARN_RANGE_LOOP_ANALYSIS = YES;
				CLANG_WARN_STRICT_PROTOTYPES = YES;
				CLANG_WARN_SUSPICIOUS_MOVE = YES;
				CLANG_WARN_UNGUARDED_AVAILABILITY = YES_AGGRESSIVE;
				CLANG_WARN_UNREACHABLE_CODE = YES;
				CLANG_WARN__DUPLICATE_METHOD_MATCH = YES;
				COPY_PHASE_STRIP = NO;
				DEBUG_INFORMATION_FORMAT = "dwarf-with-dsym";
				ENABLE_NS_ASSERTIONS = NO;
				ENABLE_STRICT_OBJC_MSGSEND = YES;
				GCC_C_LANGUAGE_STANDARD = gnu11;
				GCC_NO_COMMON_BLOCKS = YES;
				GCC_WARN_64_TO_32_BIT_CONVERSION = YES;
				GCC_WARN_ABOUT_RETURN_TYPE = YES_ERROR;
				GCC_WARN_UNDECLARED_SELECTOR = YES;
				GCC_WARN_UNINITIALIZED_AUTOS = YES_AGGRESSIVE;
				GCC_WARN_UNUSED_FUNCTION = YES;
				GCC_WARN_UNUSED_VARIABLE = YES;
				IPHONEOS_DEPLOYMENT_TARGET = 14.1;
				MTL_ENABLE_DEBUG_INFO = NO;
				MTL_FAST_MATH = YES;
				SDKROOT = iphoneos;
				SWIFT_COMPILATION_MODE = wholemodule;
				SWIFT_OPTIMIZATION_LEVEL = "-O";
				VALIDATE_PRODUCT = YES;
			};
			name = Release;
		};
		F0FC8C4B266FCEDD00D3C8F7 /* Debug */ = {
			isa = XCBuildConfiguration;
			baseConfigurationReference = 54EFDB2CBBC476F98D645458 /* Pods-NewsApp.debug.xcconfig */;
			buildSettings = {
				ASSETCATALOG_COMPILER_APPICON_NAME = AppIcon;
				ASSETCATALOG_COMPILER_GLOBAL_ACCENT_COLOR_NAME = AccentColor;
				CODE_SIGN_STYLE = Automatic;
				INFOPLIST_FILE = "NewsApp/Support Files/Info.plist";
				LD_RUNPATH_SEARCH_PATHS = (
					"$(inherited)",
					"@executable_path/Frameworks",
				);
				PRODUCT_BUNDLE_IDENTIFIER = com.khwan.NewsApp;
				PRODUCT_NAME = "$(TARGET_NAME)";
				SWIFT_VERSION = 5.0;
				TARGETED_DEVICE_FAMILY = "1,2";
			};
			name = Debug;
		};
		F0FC8C4C266FCEDD00D3C8F7 /* Release */ = {
			isa = XCBuildConfiguration;
			baseConfigurationReference = 1C106B6D182759494DF8AD75 /* Pods-NewsApp.release.xcconfig */;
			buildSettings = {
				ASSETCATALOG_COMPILER_APPICON_NAME = AppIcon;
				ASSETCATALOG_COMPILER_GLOBAL_ACCENT_COLOR_NAME = AccentColor;
				CODE_SIGN_STYLE = Automatic;
				INFOPLIST_FILE = "NewsApp/Support Files/Info.plist";
				LD_RUNPATH_SEARCH_PATHS = (
					"$(inherited)",
					"@executable_path/Frameworks",
				);
				PRODUCT_BUNDLE_IDENTIFIER = com.khwan.NewsApp;
				PRODUCT_NAME = "$(TARGET_NAME)";
				SWIFT_VERSION = 5.0;
				TARGETED_DEVICE_FAMILY = "1,2";
			};
			name = Release;
		};
		F0FC8C4E266FCEDD00D3C8F7 /* Debug */ = {
			isa = XCBuildConfiguration;
			baseConfigurationReference = 5DBE02D27B587DB5AB09E543 /* Pods-NewsAppTests.debug.xcconfig */;
			buildSettings = {
				ALWAYS_EMBED_SWIFT_STANDARD_LIBRARIES = YES;
				BUNDLE_LOADER = "$(TEST_HOST)";
				CODE_SIGN_STYLE = Automatic;
				INFOPLIST_FILE = NewsAppTests/Info.plist;
				IPHONEOS_DEPLOYMENT_TARGET = 14.1;
				LD_RUNPATH_SEARCH_PATHS = (
					"$(inherited)",
					"@executable_path/Frameworks",
					"@loader_path/Frameworks",
				);
				PRODUCT_BUNDLE_IDENTIFIER = com.khwan.NewsAppTests;
				PRODUCT_NAME = "$(TARGET_NAME)";
				SWIFT_VERSION = 5.0;
				TARGETED_DEVICE_FAMILY = "1,2";
				TEST_HOST = "$(BUILT_PRODUCTS_DIR)/NewsApp.app/NewsApp";
			};
			name = Debug;
		};
		F0FC8C4F266FCEDD00D3C8F7 /* Release */ = {
			isa = XCBuildConfiguration;
			baseConfigurationReference = 32835A231453919752289EDE /* Pods-NewsAppTests.release.xcconfig */;
			buildSettings = {
				ALWAYS_EMBED_SWIFT_STANDARD_LIBRARIES = YES;
				BUNDLE_LOADER = "$(TEST_HOST)";
				CODE_SIGN_STYLE = Automatic;
				INFOPLIST_FILE = NewsAppTests/Info.plist;
				IPHONEOS_DEPLOYMENT_TARGET = 14.1;
				LD_RUNPATH_SEARCH_PATHS = (
					"$(inherited)",
					"@executable_path/Frameworks",
					"@loader_path/Frameworks",
				);
				PRODUCT_BUNDLE_IDENTIFIER = com.khwan.NewsAppTests;
				PRODUCT_NAME = "$(TARGET_NAME)";
				SWIFT_VERSION = 5.0;
				TARGETED_DEVICE_FAMILY = "1,2";
				TEST_HOST = "$(BUILT_PRODUCTS_DIR)/NewsApp.app/NewsApp";
			};
			name = Release;
		};
		F0FC8C51266FCEDD00D3C8F7 /* Debug */ = {
			isa = XCBuildConfiguration;
			baseConfigurationReference = 81F00064D4DCCCEF38B05C5B /* Pods-NewsApp-NewsAppUITests.debug.xcconfig */;
			buildSettings = {
				ALWAYS_EMBED_SWIFT_STANDARD_LIBRARIES = YES;
				CODE_SIGN_STYLE = Automatic;
				INFOPLIST_FILE = NewsAppUITests/Info.plist;
				LD_RUNPATH_SEARCH_PATHS = (
					"$(inherited)",
					"@executable_path/Frameworks",
					"@loader_path/Frameworks",
				);
				PRODUCT_BUNDLE_IDENTIFIER = com.khwan.NewsAppUITests;
				PRODUCT_NAME = "$(TARGET_NAME)";
				SWIFT_VERSION = 5.0;
				TARGETED_DEVICE_FAMILY = "1,2";
				TEST_TARGET_NAME = NewsApp;
			};
			name = Debug;
		};
		F0FC8C52266FCEDD00D3C8F7 /* Release */ = {
			isa = XCBuildConfiguration;
			baseConfigurationReference = 47F83CAC6A89C3BB0CB4FEB7 /* Pods-NewsApp-NewsAppUITests.release.xcconfig */;
			buildSettings = {
				ALWAYS_EMBED_SWIFT_STANDARD_LIBRARIES = YES;
				CODE_SIGN_STYLE = Automatic;
				INFOPLIST_FILE = NewsAppUITests/Info.plist;
				LD_RUNPATH_SEARCH_PATHS = (
					"$(inherited)",
					"@executable_path/Frameworks",
					"@loader_path/Frameworks",
				);
				PRODUCT_BUNDLE_IDENTIFIER = com.khwan.NewsAppUITests;
				PRODUCT_NAME = "$(TARGET_NAME)";
				SWIFT_VERSION = 5.0;
				TARGETED_DEVICE_FAMILY = "1,2";
				TEST_TARGET_NAME = NewsApp;
			};
			name = Release;
		};
/* End XCBuildConfiguration section */

/* Begin XCConfigurationList section */
		F0FC8C1B266FCEDA00D3C8F7 /* Build configuration list for PBXProject "NewsApp" */ = {
			isa = XCConfigurationList;
			buildConfigurations = (
				F0FC8C48266FCEDD00D3C8F7 /* Debug */,
				F0FC8C49266FCEDD00D3C8F7 /* Release */,
			);
			defaultConfigurationIsVisible = 0;
			defaultConfigurationName = Release;
		};
		F0FC8C4A266FCEDD00D3C8F7 /* Build configuration list for PBXNativeTarget "NewsApp" */ = {
			isa = XCConfigurationList;
			buildConfigurations = (
				F0FC8C4B266FCEDD00D3C8F7 /* Debug */,
				F0FC8C4C266FCEDD00D3C8F7 /* Release */,
			);
			defaultConfigurationIsVisible = 0;
			defaultConfigurationName = Release;
		};
		F0FC8C4D266FCEDD00D3C8F7 /* Build configuration list for PBXNativeTarget "NewsAppTests" */ = {
			isa = XCConfigurationList;
			buildConfigurations = (
				F0FC8C4E266FCEDD00D3C8F7 /* Debug */,
				F0FC8C4F266FCEDD00D3C8F7 /* Release */,
			);
			defaultConfigurationIsVisible = 0;
			defaultConfigurationName = Release;
		};
		F0FC8C50266FCEDD00D3C8F7 /* Build configuration list for PBXNativeTarget "NewsAppUITests" */ = {
			isa = XCConfigurationList;
			buildConfigurations = (
				F0FC8C51266FCEDD00D3C8F7 /* Debug */,
				F0FC8C52266FCEDD00D3C8F7 /* Release */,
			);
			defaultConfigurationIsVisible = 0;
			defaultConfigurationName = Release;
		};
/* End XCConfigurationList section */
	};
	rootObject = F0FC8C18266FCEDA00D3C8F7 /* Project object */;
}
